
Microsoft Visual Studio Solution File, Format Version 12.00
# Visual Studio Version 16
VisualStudioVersion = 16.0.31205.134
MinimumVisualStudioVersion = 10.0.40219.1
Project("{9A19103F-16F7-4668-BE54-9A1E7A4F7556}") = "SWE3.ExampleApp", "SWE3.ExampleApp\SWE3.ExampleApp.csproj", "{37E8DABB-E03B-46BF-8E93-3B107B1213EA}"
EndProject
Project("{9A19103F-16F7-4668-BE54-9A1E7A4F7556}") = "SWE3.ORM", "SWE3.ORM\SWE3.ORM.csproj", "{A101CF97-2A46-45CC-AA4D-FC546062C318}"
EndProject
Project("{FAE04EC0-301F-11D3-BF4B-00C04F79EFBC}") = "SWE.Tests", "SWE.Tests\SWE.Tests.csproj", "{D2EF490E-48A4-4E5F-981D-EC8BAE7550EA}"
EndProject
Global
	GlobalSection(SolutionConfigurationPlatforms) = preSolution
		Debug|Any CPU = Debug|Any CPU
		Release|Any CPU = Release|Any CPU
	EndGlobalSection
	GlobalSection(ProjectConfigurationPlatforms) = postSolution
		{37E8DABB-E03B-46BF-8E93-3B107B1213EA}.Debug|Any CPU.ActiveCfg = Debug|Any CPU
		{37E8DABB-E03B-46BF-8E93-3B107B1213EA}.Debug|Any CPU.Build.0 = Debug|Any CPU
		{37E8DABB-E03B-46BF-8E93-3B107B1213EA}.Release|Any CPU.ActiveCfg = Release|Any CPU
		{37E8DABB-E03B-46BF-8E93-3B107B1213EA}.Release|Any CPU.Build.0 = Release|Any CPU
		{A101CF97-2A46-45CC-AA4D-FC546062C318}.Debug|Any CPU.ActiveCfg = Debug|Any CPU
		{A101CF97-2A46-45CC-AA4D-FC546062C318}.Debug|Any CPU.Build.0 = Debug|Any CPU
		{A101CF97-2A46-45CC-AA4D-FC546062C318}.Release|Any CPU.ActiveCfg = Release|Any CPU
		{A101CF97-2A46-45CC-AA4D-FC546062C318}.Release|Any CPU.Build.0 = Release|Any CPU
		{D2EF490E-48A4-4E5F-981D-EC8BAE7550EA}.Debug|Any CPU.ActiveCfg = Debug|Any CPU
		{D2EF490E-48A4-4E5F-981D-EC8BAE7550EA}.Debug|Any CPU.Build.0 = Debug|Any CPU
		{D2EF490E-48A4-4E5F-981D-EC8BAE7550EA}.Release|Any CPU.ActiveCfg = Release|Any CPU
		{D2EF490E-48A4-4E5F-981D-EC8BAE7550EA}.Release|Any CPU.Build.0 = Release|Any CPU
	EndGlobalSection
	GlobalSection(SolutionProperties) = preSolution
		HideSolutionNode = FALSE
	EndGlobalSection
	GlobalSection(ExtensibilityGlobals) = postSolution
		SolutionGuid = {6D784C18-6E5C-44F6-A5C9-15064ADF232F}
	EndGlobalSection
EndGlobal
