
Microsoft Visual Studio Solution File, Format Version 12.00
# Visual Studio Version 16
VisualStudioVersion = 16.0.31205.134
MinimumVisualStudioVersion = 10.0.40219.1
Project("{9A19103F-16F7-4668-BE54-9A1E7A4F7556}") = "SWE3.ExampleProject", "SWE3.ExampleProject.csproj", "{204B588F-B907-42AB-A443-61F40E033699}"
EndProject
Project("{9A19103F-16F7-4668-BE54-9A1E7A4F7556}") = "SWE3.OrmFramework", "..\SWE3.ORM\SWE3.OrmFramework.csproj", "{9563BEE0-2DD7-4F76-BFB5-0470B46D8397}"
EndProject
Global
	GlobalSection(SolutionConfigurationPlatforms) = preSolution
		Debug|Any CPU = Debug|Any CPU
		Release|Any CPU = Release|Any CPU
	EndGlobalSection
	GlobalSection(ProjectConfigurationPlatforms) = postSolution
		{204B588F-B907-42AB-A443-61F40E033699}.Debug|Any CPU.ActiveCfg = Debug|Any CPU
		{204B588F-B907-42AB-A443-61F40E033699}.Debug|Any CPU.Build.0 = Debug|Any CPU
		{204B588F-B907-42AB-A443-61F40E033699}.Release|Any CPU.ActiveCfg = Release|Any CPU
		{204B588F-B907-42AB-A443-61F40E033699}.Release|Any CPU.Build.0 = Release|Any CPU
		{9563BEE0-2DD7-4F76-BFB5-0470B46D8397}.Debug|Any CPU.ActiveCfg = Debug|Any CPU
		{9563BEE0-2DD7-4F76-BFB5-0470B46D8397}.Debug|Any CPU.Build.0 = Debug|Any CPU
		{9563BEE0-2DD7-4F76-BFB5-0470B46D8397}.Release|Any CPU.ActiveCfg = Release|Any CPU
		{9563BEE0-2DD7-4F76-BFB5-0470B46D8397}.Release|Any CPU.Build.0 = Release|Any CPU
	EndGlobalSection
	GlobalSection(SolutionProperties) = preSolution
		HideSolutionNode = FALSE
	EndGlobalSection
	GlobalSection(ExtensibilityGlobals) = postSolution
		SolutionGuid = {231FFAE5-163D-4DA2-9255-F1BC3FA90B7F}
	EndGlobalSection
EndGlobal
